{
  "nodes": {
    "authentik-nix": {
      "inputs": {
        "authentik-src": "authentik-src",
        "client-ts-generator-src": "client-ts-generator-src",
        "flake-compat": "flake-compat",
        "flake-parts": [
          "flake-parts"
        ],
        "flake-utils": "flake-utils",
        "nixpkgs": [
          "nixpkgs"
        ],
        "pyproject-build-systems": "pyproject-build-systems",
        "pyproject-nix": "pyproject-nix",
        "systems": "systems",
        "uv2nix": "uv2nix"
      },
      "locked": {
        "lastModified": 1789803872,
        "narHash": "sha256-3HOCO5vUhz4KH5L1kGZDg5fOqT0cgb/5fe9yJcUGwD4=",
        "owner": "nix-community",
        "repo": "authentik-nix",
        "rev": "a462429969ee8e5e09455c5ed77972cfa318cdd7",
        "type": "github"
      },
      "original": {
        "owner": "nix-community",
        "repo": "authentik-nix",
        "type": "github"
      }
    },
    "authentik-src": {
      "flake": false,
      "locked": {
        "lastModified": 1788978241,
        "narHash": "sha256-tAdDYHIur6ewVZlRz6JPtLivqctYLLtD0S8uehuuxSM=",
        "owner": "goauthentik",
        "repo": "authentik",
        "rev": "dce85a5b64a429206199e9ffddc602060643f17a",
        "type": "github"
      },
      "original": {
        "owner": "goauthentik",
        "ref": "version/2026.8.2",
        "repo": "authentik",
        "type": "github"
      }
    },
    "client-ts-generator-src": {
      "flake": false,
      "locked": {
        "lastModified": 1787926240,
        "narHash": "sha256-CNazk55jeMBdP/5cf9scshRGCiKALdERny8Oues1zcY=",
        "owner": "goauthentik",
        "repo": "client-ts",
        "rev": "26b3e23c928e22e4aa66223b5b996e9e68047f0f",
        "type": "github"
      },
      "original": {
        "owner": "goauthentik",
        "repo": "client-ts",
        "type": "github"
      }
    },
    "crane": {
      "locked": {
        "lastModified": 1788465171,
        "narHash": "sha256-Y1/TTVXjYXGF068IThQH9fPSZ0SIE74PABlUxnWTUH0=",
        "owner": "ipetkov",
        "repo": "crane",
        "rev": "eb35abda9f232cc6610b1d1e3200d15c49b7ac54",
        "type": "github"
      },
      "original": {
        "owner": "ipetkov",
        "repo": "crane",
        "type": "github"
      }
    },
    "disko": {
      "inputs": {
        "nixpkgs": [
          "nixpkgs"
        ]
      },
      "locked": {
        "lastModified": 1789770686,
        "narHash": "sha256-uZkBR7yHdIKUFB5SZdfgh1qkGfI3XmYmI/lTiquxbck=",
        "owner": "nix-community",
        "repo": "disko",
        "rev": "725ea35e410ad83be4931d1bff7e090eacaf3563",
        "type": "github"
      },
      "original": {
        "owner": "nix-community",
        "repo": "disko",
        "type": "github"
      }
    },
    "dure": {
      "inputs": {
        "nixpkgs": [
          "nixpkgs"
        ],
        "tincr": [
          "tincr"
        ]
      },
      "locked": {
        "lastModified": 1788012328,
        "narHash": "sha256-dG/GtkcdBuvd+Ei2c6MiWFA+OymETjpXQuoEGk92vJU=",
        "owner": "dure-net",
        "repo": "dure",
        "rev": "fee350f66f8a95f96d3ea5df3f0553fdfea98033",
        "type": "github"
      },
      "original": {
        "owner": "dure-net",
        "repo": "dure",
        "type": "github"
      }
    },
    "fast-nix-gc": {
      "inputs": {
        "nix-darwin": "nix-darwin",
        "nixpkgs": [
          "nixpkgs"
        ],
        "treefmt-nix": [
          "treefmt-nix"
        ]
      },
      "locked": {
        "lastModified": 1789812605,
        "narHash": "sha256-+UU7dEd9Cxx+s3rdQWhx059L5Y2FkNCj3kSWMRFrKXY=",
        "owner": "Mic92",
        "repo": "fast-nix-gc",
        "rev": "b4eb644e0868ce4f93d9f2747940d4cfcbce62c7",
        "type": "github"
      },
      "original": {
        "owner": "Mic92",
        "repo": "fast-nix-gc",
        "type": "github"
      }
    },
    "fenix": {
      "inputs": {
        "nixpkgs": [
          "tincr",
          "nixpkgs"
        ],
        "rust-analyzer-src": "rust-analyzer-src"
      },
      "locked": {
        "lastModified": 1789037931,
        "narHash": "sha256-qxHwKBPwwai+Bz3BYVyH/Aymf3GC8fMMG7tObpeCwWg=",
        "owner": "nix-community",
        "repo": "fenix",
        "rev": "078bcba335292f75f59987c29a0ea5a3edc5ec06",
        "type": "github"
      },
      "original": {
        "owner": "nix-community",
        "repo": "fenix",
        "type": "github"
      }
    },
    "flake-compat": {
      "flake": false,
      "locked": {
        "lastModified": 1767039857,
        "narHash": "sha256-vNpUSpF5Nuw8xvDLj2KCwwksIbjua2LZCqhV1LNRDns=",
        "owner": "edolstra",
        "repo": "flake-compat",
        "rev": "5edf11c44bc78a0d334f6334cdaf7d60d732daab",
        "type": "github"
      },
      "original": {
        "owner": "edolstra",
        "repo": "flake-compat",
        "type": "github"
      }
    },
    "flake-parts": {
      "inputs": {
        "nixpkgs-lib": [
          "nixpkgs"
        ]
      },
      "locked": {
        "lastModified": 1788450739,
        "narHash": "sha256-glZLQlzIn1fXH6PazR2iUmTo7kzzyYSshrWhLS9TqCU=",
        "owner": "hercules-ci",
        "repo": "flake-parts",
        "rev": "31729ca8cbdb4fa927b34e5f4353e6a83f39e993",
        "type": "github"
      },
      "original": {
        "owner": "hercules-ci",
        "repo": "flake-parts",
        "type": "github"
      }
    },
    "flake-utils": {
      "inputs": {
        "systems": [
          "authentik-nix",
          "systems"
        ]
      },
      "locked": {
        "lastModified": 1731533236,
        "narHash": "sha256-l0KFg5HjrsfsO/JpG+r7fRrqm12kzFHyUHqHCVpMMbI=",
        "owner": "numtide",
        "repo": "flake-utils",
        "rev": "11707dc2f618dd54ca8739b309ec4fc024de578b",
        "type": "github"
      },
      "original": {
        "owner": "numtide",
        "repo": "flake-utils",
        "type": "github"
      }
    },
    "gitea-mq": {
      "inputs": {
        "nixpkgs": [
          "nixpkgs"
        ],
        "treefmt-nix": [
          "treefmt-nix"
        ]
      },
      "locked": {
        "lastModified": 1789018955,
        "narHash": "sha256-2IIVADqmyB+58lAtL/YxPsSj7vJqoHajSb2tz8sOBKs=",
        "owner": "Mic92",
        "repo": "gitea-mq",
        "rev": "a85d7a3a6d2e46861ce5d07e47e533eafda26afd",
        "type": "github"
      },
      "original": {
        "owner": "Mic92",
        "repo": "gitea-mq",
        "type": "github"
      }
    },
    "niks3": {
      "inputs": {
        "nixpkgs": [
          "nixpkgs"
        ],
        "treefmt-nix": [
          "treefmt-nix"
        ]
      },
      "locked": {
        "lastModified": 1789737228,
        "narHash": "sha256-et3O/l/WO2x5U+g0UUNIt87n1qeH/JId2yGgzY7KS7I=",
        "owner": "Mic92",
        "repo": "niks3",
        "rev": "10787d72723600c186719d15e062affc25dc7053",
        "type": "github"
      },
      "original": {
        "owner": "Mic92",
        "repo": "niks3",
        "type": "github"
      }
    },
    "niks3_2": {
      "inputs": {
        "nixpkgs": [
          "nix-grpc-store",
          "nixpkgs"
        ],
        "treefmt-nix": "treefmt-nix"
      },
      "locked": {
        "lastModified": 1789737228,
        "narHash": "sha256-et3O/l/WO2x5U+g0UUNIt87n1qeH/JId2yGgzY7KS7I=",
        "owner": "Mic92",
        "repo": "niks3",
        "rev": "10787d72723600c186719d15e062affc25dc7053",
        "type": "github"
      },
      "original": {
        "owner": "Mic92",
        "repo": "niks3",
        "type": "github"
      }
    },
    "nix-darwin": {
      "inputs": {
        "nixpkgs": [
          "fast-nix-gc",
          "nixpkgs"
        ]
      },
      "locked": {
        "lastModified": 1785389976,
        "narHash": "sha256-0tLW8Ff5yt8AH97jw4ZpFJ0OCJ122zIlgWGDmOfU/VU=",
        "owner": "nix-darwin",
        "repo": "nix-darwin",
        "rev": "15abb8c98f336cd8bd840d71059adebabe60bf04",
        "type": "github"
      },
      "original": {
        "owner": "nix-darwin",
        "repo": "nix-darwin",
        "type": "github"
      }
    },
    "nix-grpc-store": {
      "inputs": {
        "niks3": "niks3_2",
        "nixpkgs": [
          "nixpkgs"
        ]
      },
      "locked": {
        "lastModified": 1789737682,
        "narHash": "sha256-doIcdPJyCOYxf3uiOPYBfngvH7dtZMXAhzx/BkOlpIA=",
        "owner": "Mic92",
        "repo": "nix-grpc-store",
        "rev": "1d6c1d5b8a3ac3b3c33fc57a20eaa5806aa64b21",
        "type": "github"
      },
      "original": {
        "owner": "Mic92",
        "repo": "nix-grpc-store",
        "type": "github"
      }
    },
    "nix-index-database": {
      "inputs": {
        "nixpkgs": [
          "nixpkgs"
        ]
      },
      "locked": {
        "lastModified": 1789286446,
        "narHash": "sha256-xVstyCdg0DpzjyrEacm72VJAIP9DMhfWJdPDzhWxHuo=",
        "owner": "nix-community",
        "repo": "nix-index-database",
        "rev": "a74e173407559083a412ea89a1cc58ea389c3b65",
        "type": "github"
      },
      "original": {
        "owner": "nix-community",
        "repo": "nix-index-database",
        "type": "github"
      }
    },
    "nixbot": {
      "inputs": {
        "nixpkgs": [
          "nixpkgs"
        ],
        "treefmt-nix": [
          "treefmt-nix"
        ]
      },
      "locked": {
        "lastModified": 1789769953,
        "narHash": "sha256-k1MQvLlfgYXExvfHP2vIVvT/+3V3ldNhbvhGTJGgyuU=",
        "owner": "Mic92",
        "repo": "nixbot",
        "rev": "cb0e0719cc64d1d62695bf4e991d4a017d2a8337",
        "type": "github"
      },
      "original": {
        "owner": "Mic92",
        "repo": "nixbot",
        "type": "github"
      }
    },
    "nixos-images": {
      "inputs": {
        "nixos-stable": [
          "nixpkgs"
        ],
        "nixos-unstable": [
          "nixpkgs"
        ]
      },
      "locked": {
        "lastModified": 1789641344,
        "narHash": "sha256-vhB2KdEO1VlEfkiVoQAbMkKnTe1qxyJK3nbUsOOP4ok=",
        "owner": "nix-community",
        "repo": "nixos-images",
        "rev": "16d7721cb350e7f1d0c49a757a3dcd11e80d91af",
        "type": "github"
      },
      "original": {
        "owner": "nix-community",
        "repo": "nixos-images",
        "type": "github"
      }
    },
    "nixpkgs": {
      "locked": {
        "lastModified": 1789892136,
        "narHash": "sha256-NVtPPNoZM29UWgZ7e18wpRE3yKMjNDa20dxIj1LvEuQ=",
        "ref": "main",
        "rev": "5baae1fc97e58c7012c769c8ac0206d53f2e6bb5",
        "shallow": true,
        "type": "git",
        "url": "https://github.com/SBEE-Lab/nixpkgs"
      },
      "original": {
        "ref": "main",
        "shallow": true,
        "type": "git",
        "url": "https://github.com/SBEE-Lab/nixpkgs"
      }
    },
    "pyproject-build-systems": {
      "inputs": {
        "nixpkgs": [
          "authentik-nix",
          "nixpkgs"
        ],
        "pyproject-nix": [
          "authentik-nix",
          "pyproject-nix"
        ],
        "uv2nix": [
          "authentik-nix",
          "uv2nix"
        ]
      },
      "locked": {
        "lastModified": 1786936886,
        "narHash": "sha256-8SFyOdmcG6Nsh/JzlH812lTI/v+ur06fpQhj/acNn8k=",
        "owner": "pyproject-nix",
        "repo": "build-system-pkgs",
        "rev": "90ffdeee1a4929b231913df067448cd9803d3e07",
        "type": "github"
      },
      "original": {
        "owner": "pyproject-nix",
        "repo": "build-system-pkgs",
        "type": "github"
      }
    },
    "pyproject-nix": {
      "inputs": {
        "nixpkgs": [
          "authentik-nix",
          "nixpkgs"
        ]
      },
      "locked": {
        "lastModified": 1786031528,
        "narHash": "sha256-cROiHKO3UbIKqF5FG5NikvydzlfIj4EcR1Cty9qOVt4=",
        "owner": "pyproject-nix",
        "repo": "pyproject.nix",
        "rev": "1b1485546d85f6f6c7aadb10c4923dbc09633263",
        "type": "github"
      },
      "original": {
        "owner": "pyproject-nix",
        "repo": "pyproject.nix",
        "type": "github"
      }
    },
    "rhwp": {
      "inputs": {
        "nixpkgs": [
          "nixpkgs"
        ],
        "rust-overlay": "rust-overlay",
        "treefmt-nix": [
          "treefmt-nix"
        ]
      },
      "locked": {
        "lastModified": 1789627699,
        "narHash": "sha256-n7XZh4lx97URRK0wj3UnsLlFWB2FMR5M/Ci8DZl+Y3k=",
        "owner": "mulatta",
        "repo": "rhwp.nix",
        "rev": "1ff015ba79dace3acc4f4067611338366dfe5c83",
        "type": "github"
      },
      "original": {
        "owner": "mulatta",
        "repo": "rhwp.nix",
        "type": "github"
      }
    },
    "rhwp-nextcloud": {
      "inputs": {
        "nixpkgs": [
          "nixpkgs"
        ],
        "rhwp-nix": [
          "rhwp"
        ],
        "treefmt-nix": [
          "treefmt-nix"
        ]
      },
      "locked": {
        "lastModified": 1789076807,
        "narHash": "sha256-+Tdke/vWUoizDn4E5tJPs44OSY55GHH35Yr3YmEjk5Q=",
        "owner": "mulatta",
        "repo": "rhwp-nextcloud",
        "rev": "2040d78803bb22fae28cad1e7bd893e4cb436942",
        "type": "github"
      },
      "original": {
        "owner": "mulatta",
        "repo": "rhwp-nextcloud",
        "type": "github"
      }
    },
    "root": {
      "inputs": {
        "authentik-nix": "authentik-nix",
        "disko": "disko",
        "dure": "dure",
        "fast-nix-gc": "fast-nix-gc",
        "flake-parts": "flake-parts",
        "gitea-mq": "gitea-mq",
        "niks3": "niks3",
        "nix-grpc-store": "nix-grpc-store",
        "nix-index-database": "nix-index-database",
        "nixbot": "nixbot",
        "nixos-images": "nixos-images",
        "nixpkgs": "nixpkgs",
        "rhwp": "rhwp",
        "rhwp-nextcloud": "rhwp-nextcloud",
        "rustfs": "rustfs",
        "sops-nix": "sops-nix",
        "srvos": "srvos",
        "tincr": "tincr",
        "treefmt-nix": "treefmt-nix_2"
      }
    },
    "rust-analyzer-src": {
      "flake": false,
      "locked": {
        "lastModified": 1788996172,
        "narHash": "sha256-FUE3Kqx6Bys1jfwHsht+9B1YPIR1S0vrXUC3wsKiTK4=",
        "owner": "rust-lang",
        "repo": "rust-analyzer",
        "rev": "a61533349fc7a951b7d38ff42b3281815e1ff6b4",
        "type": "github"
      },
      "original": {
        "owner": "rust-lang",
        "ref": "nightly",
        "repo": "rust-analyzer",
        "type": "github"
      }
    },
    "rust-overlay": {
      "inputs": {
        "nixpkgs": [
          "rhwp",
          "nixpkgs"
        ]
      },
      "locked": {
        "lastModified": 1789284144,
        "narHash": "sha256-Slc8gCNYzyuq2f0NIACIYxl55ZeeGcy0SN6LAwixDkY=",
        "owner": "oxalica",
        "repo": "rust-overlay",
        "rev": "9c72e6db1fc10cdb18e5ef01e31c1f4951e197e0",
        "type": "github"
      },
      "original": {
        "owner": "oxalica",
        "repo": "rust-overlay",
        "type": "github"
      }
    },
    "rust-overlay_2": {
      "inputs": {
        "nixpkgs": [
          "rustfs",
          "nixpkgs"
        ]
      },
      "locked": {
        "lastModified": 1789196581,
        "narHash": "sha256-yJr1Bt4fKkKIpPYbsKGqJ0VFdoDnURgRwuffmBQ2WzY=",
        "owner": "oxalica",
        "repo": "rust-overlay",
        "rev": "228ecefb6329d5a531b77b46b581a2f0c26ee056",
        "type": "github"
      },
      "original": {
        "owner": "oxalica",
        "repo": "rust-overlay",
        "type": "github"
      }
    },
    "rustfs": {
      "inputs": {
        "nixpkgs": [
          "nixpkgs"
        ],
        "rust-overlay": "rust-overlay_2"
      },
      "locked": {
        "lastModified": 1789321373,
        "narHash": "sha256-xk6YeASKhZwkxAjHPH3TLVmCOMCD0uklFHGHGA4sdms=",
        "owner": "rustfs",
        "repo": "rustfs",
        "rev": "c1190c24e6d36ba5beea7a842e292ad2e967f398",
        "type": "github"
      },
      "original": {
        "owner": "rustfs",
        "repo": "rustfs",
        "type": "github"
      }
    },
    "sops-nix": {
      "inputs": {
        "nixpkgs": [
          "nixpkgs"
        ]
      },
      "locked": {
        "lastModified": 1789890976,
        "narHash": "sha256-GKwH3zpy7tartuJMG0Rv/xUsdetG1QLmTVv8UKgJLmA=",
        "owner": "Mic92",
        "repo": "sops-nix",
        "rev": "7214124c20c1542c90deb54af50e2f53ae02711f",
        "type": "github"
      },
      "original": {
        "owner": "Mic92",
        "repo": "sops-nix",
        "type": "github"
      }
    },
    "srvos": {
      "inputs": {
        "nixpkgs": [
          "nixpkgs"
        ]
      },
      "locked": {
        "lastModified": 1789007339,
        "narHash": "sha256-qkZm/U4RI0E47/v+H/dvgfIrKuuQYb/pVh3BD4C23kE=",
        "owner": "nix-community",
        "repo": "srvos",
        "rev": "ee2f679bdc7324f90dc73c0f22f2d5fab25b1b33",
        "type": "github"
      },
      "original": {
        "owner": "nix-community",
        "repo": "srvos",
        "type": "github"
      }
    },
    "systems": {
      "locked": {
        "lastModified": 1689347949,
        "narHash": "sha256-12tWmuL2zgBgZkdoB6qXZsgJEH9LR3oUgpaQq2RbI80=",
        "owner": "nix-systems",
        "repo": "default-linux",
        "rev": "31732fcf5e8fea42e59c2488ad31a0e651500f68",
        "type": "github"
      },
      "original": {
        "owner": "nix-systems",
        "repo": "default-linux",
        "type": "github"
      }
    },
    "tincr": {
      "inputs": {
        "crane": "crane",
        "fenix": "fenix",
        "nixpkgs": [
          "nixpkgs"
        ],
        "treefmt-nix": [
          "treefmt-nix"
        ]
      },
      "locked": {
        "lastModified": 1789597358,
        "narHash": "sha256-XwbOfGyYqb7Rkd08L4/ldgicu6Hahz0ORN8wgUiIk58=",
        "owner": "Mic92",
        "repo": "tincr",
        "rev": "95c525a7ce845a254f02f07982c09ddc94eab9b4",
        "type": "github"
      },
      "original": {
        "owner": "Mic92",
        "repo": "tincr",
        "type": "github"
      }
    },
    "treefmt-nix": {
      "inputs": {
        "nixpkgs": [
          "nix-grpc-store",
          "niks3",
          "nixpkgs"
        ]
      },
      "locked": {
        "lastModified": 1786901030,
        "narHash": "sha256-WSFCsDSE5ffgD2MqzkM2CYjeFiKhRF/dJUN8uedb6YE=",
        "owner": "numtide",
        "repo": "treefmt-nix",
        "rev": "27b3b12a8e6375f28ebe122f07d230ca5459bbfa",
        "type": "github"
      },
      "original": {
        "owner": "numtide",
        "repo": "treefmt-nix",
        "type": "github"
      }
    },
    "treefmt-nix_2": {
      "inputs": {
        "nixpkgs": [
          "nixpkgs"
        ]
      },
      "locked": {
        "lastModified": 1786901030,
        "narHash": "sha256-WSFCsDSE5ffgD2MqzkM2CYjeFiKhRF/dJUN8uedb6YE=",
        "owner": "numtide",
        "repo": "treefmt-nix",
        "rev": "27b3b12a8e6375f28ebe122f07d230ca5459bbfa",
        "type": "github"
      },
      "original": {
        "owner": "numtide",
        "repo": "treefmt-nix",
        "type": "github"
      }
    },
    "uv2nix": {
      "inputs": {
        "nixpkgs": [
          "authentik-nix",
          "nixpkgs"
        ],
        "pyproject-nix": [
          "authentik-nix",
          "pyproject-nix"
        ]
      },
      "locked": {
        "lastModified": 1788001239,
        "narHash": "sha256-AELmsXPI546MhbC/ZXC7WRUkCz7d4rqKTHUmliIgPpI=",
        "owner": "pyproject-nix",
        "repo": "uv2nix",
        "rev": "7f9c6b613d2e749e54854b1d60ab6a2192db889e",
        "type": "github"
      },
      "original": {
        "owner": "pyproject-nix",
        "repo": "uv2nix",
        "type": "github"
      }
    }
  },
  "root": "root",
  "version": 7
}
