{
  "nodes": {
    "authentik-nix": {
      "inputs": {
        "authentik-src": "authentik-src",
        "flake-compat": "flake-compat",
        "flake-parts": [
          "flake-parts"
        ],
        "flake-utils": "flake-utils",
        "nixpkgs": [
          "nixpkgs"
        ],
        "pyproject-build-systems": "pyproject-build-systems",
        "pyproject-nix": "pyproject-nix",
        "systems": "systems",
        "uv2nix": "uv2nix"
      },
      "locked": {
        "lastModified": 1785317240,
        "narHash": "sha256-KEF/HXXmmP8e/AxFbw8Ptlhb+FVEPoASNcew2xk3TQ0=",
        "owner": "nix-community",
        "repo": "authentik-nix",
        "rev": "28f0b3bc96b8e0f664aabb540a2ed61a352e8fc7",
        "type": "github"
      },
      "original": {
        "owner": "nix-community",
        "repo": "authentik-nix",
        "type": "github"
      }
    },
    "authentik-src": {
      "flake": false,
      "locked": {
        "lastModified": 1784731584,
        "narHash": "sha256-/HdXzjjvuSW7zjbCNJKm3Fj8gvIwfrDf8mOYev0yuIg=",
        "owner": "goauthentik",
        "repo": "authentik",
        "rev": "0c67ea476be6319f1b2a41cb0f5ed128af37b99b",
        "type": "github"
      },
      "original": {
        "owner": "goauthentik",
        "ref": "version/2026.5.6",
        "repo": "authentik",
        "type": "github"
      }
    },
    "bun2nix": {
      "inputs": {
        "flake-parts": [
          "llm-agents",
          "flake-parts"
        ],
        "nixpkgs": [
          "llm-agents",
          "nixpkgs"
        ],
        "systems": [
          "llm-agents",
          "systems"
        ],
        "treefmt-nix": [
          "llm-agents",
          "treefmt-nix"
        ]
      },
      "locked": {
        "lastModified": 1784665499,
        "narHash": "sha256-9BMxlTxCCDAeoNLtb1a/st7udtTIJep+wpUzquA29VU=",
        "owner": "nix-community",
        "repo": "bun2nix",
        "rev": "0f2a1f0b6f42cebe3b149bf62d38754c5e0e9729",
        "type": "github"
      },
      "original": {
        "owner": "nix-community",
        "repo": "bun2nix",
        "type": "github"
      }
    },
    "disko": {
      "inputs": {
        "nixpkgs": [
          "nixpkgs"
        ]
      },
      "locked": {
        "lastModified": 1781152676,
        "narHash": "sha256-RxWs5ND31KzTG7wvMM+PMfUjyNpmIEr999lqNARaM5o=",
        "owner": "nix-community",
        "repo": "disko",
        "rev": "ff8702b4de27f72b4c78573dfb89ec74e36abdf1",
        "type": "github"
      },
      "original": {
        "owner": "nix-community",
        "repo": "disko",
        "type": "github"
      }
    },
    "fast-nix-gc": {
      "inputs": {
        "nix-darwin": "nix-darwin",
        "nixpkgs": [
          "nixpkgs"
        ],
        "treefmt-nix": [
          "treefmt-nix"
        ]
      },
      "locked": {
        "lastModified": 1785415743,
        "narHash": "sha256-gRV5McxnehAfu64D2qQ5iMoM39JkjDRlhMB+2xjTZjs=",
        "owner": "Mic92",
        "repo": "fast-nix-gc",
        "rev": "aac5e3118db566939338569d3e13c75a9fd5eb84",
        "type": "github"
      },
      "original": {
        "owner": "Mic92",
        "repo": "fast-nix-gc",
        "type": "github"
      }
    },
    "flake-compat": {
      "flake": false,
      "locked": {
        "lastModified": 1767039857,
        "narHash": "sha256-vNpUSpF5Nuw8xvDLj2KCwwksIbjua2LZCqhV1LNRDns=",
        "owner": "edolstra",
        "repo": "flake-compat",
        "rev": "5edf11c44bc78a0d334f6334cdaf7d60d732daab",
        "type": "github"
      },
      "original": {
        "owner": "edolstra",
        "repo": "flake-compat",
        "type": "github"
      }
    },
    "flake-parts": {
      "inputs": {
        "nixpkgs-lib": [
          "nixpkgs"
        ]
      },
      "locked": {
        "lastModified": 1782949081,
        "narHash": "sha256-vp6Y/Grm98ESt6ceOkWiHWyZRDV3J1RID4w+6NWK9yA=",
        "owner": "hercules-ci",
        "repo": "flake-parts",
        "rev": "17c9d6cdfc60c64f4ee8d306f9bc0b4ccb51481e",
        "type": "github"
      },
      "original": {
        "owner": "hercules-ci",
        "repo": "flake-parts",
        "type": "github"
      }
    },
    "flake-parts_2": {
      "inputs": {
        "nixpkgs-lib": [
          "rhwp-nextcloud",
          "rhwp-nix",
          "nixpkgs"
        ]
      },
      "locked": {
        "lastModified": 1778716662,
        "narHash": "sha256-m1Yf0wZ8j1OHjTc2UwHwyQRSnNeSgLJOd7q5Y45hzi4=",
        "owner": "hercules-ci",
        "repo": "flake-parts",
        "rev": "f7c1a2d347e4c52d5fb8d10cb4d94b5884e546fb",
        "type": "github"
      },
      "original": {
        "owner": "hercules-ci",
        "repo": "flake-parts",
        "type": "github"
      }
    },
    "flake-utils": {
      "inputs": {
        "systems": [
          "authentik-nix",
          "systems"
        ]
      },
      "locked": {
        "lastModified": 1731533236,
        "narHash": "sha256-l0KFg5HjrsfsO/JpG+r7fRrqm12kzFHyUHqHCVpMMbI=",
        "owner": "numtide",
        "repo": "flake-utils",
        "rev": "11707dc2f618dd54ca8739b309ec4fc024de578b",
        "type": "github"
      },
      "original": {
        "owner": "numtide",
        "repo": "flake-utils",
        "type": "github"
      }
    },
    "llm-agents": {
      "inputs": {
        "bun2nix": "bun2nix",
        "flake-parts": [
          "flake-parts"
        ],
        "nixpkgs": [
          "nixpkgs"
        ],
        "systems": "systems_2",
        "treefmt-nix": [
          "treefmt-nix"
        ]
      },
      "locked": {
        "lastModified": 1785145739,
        "narHash": "sha256-qX/t+D9uVsMw32Za6oXcgXWn6d2HGZqEzMlZWnVQ4GM=",
        "owner": "numtide",
        "repo": "llm-agents.nix",
        "rev": "259abb89d0a0d3ba685987053ad344534a5d6600",
        "type": "github"
      },
      "original": {
        "owner": "numtide",
        "repo": "llm-agents.nix",
        "type": "github"
      }
    },
    "multievolve-nix": {
      "inputs": {
        "nixpkgs": [
          "nixpkgs"
        ],
        "treefmt-nix": [
          "treefmt-nix"
        ],
        "uv2nix-env": "uv2nix-env"
      },
      "locked": {
        "lastModified": 1785265700,
        "narHash": "sha256-XTkBP2pAWfoqEHWWrEk+e4F8UGogU1V6CIzlgzufgGs=",
        "owner": "SBEE-Lab",
        "repo": "multievolve-nix",
        "rev": "f4af415fe1114068008fe3e9465c72281897667c",
        "type": "github"
      },
      "original": {
        "owner": "SBEE-Lab",
        "repo": "multievolve-nix",
        "type": "github"
      }
    },
    "niks3": {
      "inputs": {
        "nixpkgs": [
          "nixpkgs"
        ],
        "treefmt-nix": [
          "treefmt-nix"
        ]
      },
      "locked": {
        "lastModified": 1785226690,
        "narHash": "sha256-H7lhfp4ja6vysomufDgVoRgiBUyEcQDnN6rGB9yDIDM=",
        "owner": "Mic92",
        "repo": "niks3",
        "rev": "ce7cd4b0462c634802a9faf0cb19f4718d115ec8",
        "type": "github"
      },
      "original": {
        "owner": "Mic92",
        "repo": "niks3",
        "type": "github"
      }
    },
    "nix-darwin": {
      "inputs": {
        "nixpkgs": [
          "fast-nix-gc",
          "nixpkgs"
        ]
      },
      "locked": {
        "lastModified": 1784500460,
        "narHash": "sha256-UvORnAxTRHax7RG74W8Z2t4GvIkX6AjJ5kk0QlwZomo=",
        "owner": "nix-darwin",
        "repo": "nix-darwin",
        "rev": "57a3171f94705599a2499248ca5758d5eb47c0e0",
        "type": "github"
      },
      "original": {
        "owner": "nix-darwin",
        "repo": "nix-darwin",
        "type": "github"
      }
    },
    "nix-index-database": {
      "inputs": {
        "nixpkgs": [
          "nixpkgs"
        ]
      },
      "locked": {
        "lastModified": 1785046085,
        "narHash": "sha256-UiK+mmZJuLWQVhJ5b2wDzogIYWAesyRm6LA3h3Ulh3Y=",
        "owner": "nix-community",
        "repo": "nix-index-database",
        "rev": "11665045df8b9938ef811a3bfdc65cffb02b4b70",
        "type": "github"
      },
      "original": {
        "owner": "nix-community",
        "repo": "nix-index-database",
        "type": "github"
      }
    },
    "nixbot": {
      "inputs": {
        "nixpkgs": [
          "nixpkgs"
        ],
        "treefmt-nix": [
          "treefmt-nix"
        ]
      },
      "locked": {
        "lastModified": 1785671702,
        "narHash": "sha256-wwhItmpu4E7FrdvFQZwBXkTCN1hnm8QuT/y712MF+e8=",
        "owner": "Mic92",
        "repo": "nixbot",
        "rev": "5eabc926b26f45d014d062ac47b4511c4e0cf197",
        "type": "github"
      },
      "original": {
        "owner": "Mic92",
        "repo": "nixbot",
        "type": "github"
      }
    },
    "nixos-images": {
      "inputs": {
        "nixos-stable": [
          "nixpkgs"
        ],
        "nixos-unstable": [
          "nixpkgs"
        ]
      },
      "locked": {
        "lastModified": 1785407732,
        "narHash": "sha256-iv6OYbZgMqvudEFB4LvhpZDHyNqD+lx0WubIk6BdAVg=",
        "owner": "nix-community",
        "repo": "nixos-images",
        "rev": "e2a34c0ce9dcbb5169f2a233b49211f5f30b7d69",
        "type": "github"
      },
      "original": {
        "owner": "nix-community",
        "repo": "nixos-images",
        "type": "github"
      }
    },
    "nixpkgs": {
      "locked": {
        "lastModified": 1785045527,
        "narHash": "sha256-NWl35kEgCD/vvrfFQpN+SAxG+sP5Ur8AJZX1+5nYek0=",
        "ref": "main",
        "rev": "5471b86f9e5f6a463bb57ff70c416bf5a1477292",
        "shallow": true,
        "type": "git",
        "url": "https://github.com/SBEE-Lab/nixpkgs"
      },
      "original": {
        "ref": "main",
        "shallow": true,
        "type": "git",
        "url": "https://github.com/SBEE-Lab/nixpkgs"
      }
    },
    "pyproject-build-systems": {
      "inputs": {
        "nixpkgs": [
          "authentik-nix",
          "nixpkgs"
        ],
        "pyproject-nix": [
          "authentik-nix",
          "pyproject-nix"
        ],
        "uv2nix": [
          "authentik-nix",
          "uv2nix"
        ]
      },
      "locked": {
        "lastModified": 1785115949,
        "narHash": "sha256-8AM37BfyGaL2v/SZyg4PupRxJ01Y4htvM+WrTjWrPpo=",
        "owner": "pyproject-nix",
        "repo": "build-system-pkgs",
        "rev": "62c0d86027edb1c4f39a5facc09876348144f7c9",
        "type": "github"
      },
      "original": {
        "owner": "pyproject-nix",
        "repo": "build-system-pkgs",
        "type": "github"
      }
    },
    "pyproject-build-systems_2": {
      "inputs": {
        "nixpkgs": [
          "multievolve-nix",
          "uv2nix-env",
          "nixpkgs"
        ],
        "pyproject-nix": [
          "multievolve-nix",
          "uv2nix-env",
          "pyproject-nix"
        ],
        "uv2nix": [
          "multievolve-nix",
          "uv2nix-env",
          "uv2nix"
        ]
      },
      "locked": {
        "lastModified": 1782093830,
        "narHash": "sha256-6gmEVe69+KlRkZD4PEEV5xAlB9CB0Y9TiuEgQjDrKTQ=",
        "owner": "pyproject-nix",
        "repo": "build-system-pkgs",
        "rev": "430680a19bc85a3bda55f12e4cc1a1aadcf2e478",
        "type": "github"
      },
      "original": {
        "owner": "pyproject-nix",
        "repo": "build-system-pkgs",
        "type": "github"
      }
    },
    "pyproject-nix": {
      "inputs": {
        "nixpkgs": [
          "authentik-nix",
          "nixpkgs"
        ]
      },
      "locked": {
        "lastModified": 1784591072,
        "narHash": "sha256-zP/WaDxrRu8GANZM61+V2LT/7ycEEdoyLWn7M6WzU7M=",
        "owner": "pyproject-nix",
        "repo": "pyproject.nix",
        "rev": "e3b599ca2e7fcf93d4edf65d7f19bbf6491724f3",
        "type": "github"
      },
      "original": {
        "owner": "pyproject-nix",
        "repo": "pyproject.nix",
        "type": "github"
      }
    },
    "pyproject-nix_2": {
      "inputs": {
        "nixpkgs": [
          "multievolve-nix",
          "uv2nix-env",
          "nixpkgs"
        ]
      },
      "locked": {
        "lastModified": 1782808548,
        "narHash": "sha256-9+XcLOzFo3tXSgH5xpd5g2i65cx4q6zvfNVEMV7hyEs=",
        "owner": "pyproject-nix",
        "repo": "pyproject.nix",
        "rev": "4de7c126c1a3e76e9ec9e3ced900aaa6d8847757",
        "type": "github"
      },
      "original": {
        "owner": "pyproject-nix",
        "repo": "pyproject.nix",
        "type": "github"
      }
    },
    "rhwp-nextcloud": {
      "inputs": {
        "flake-parts": [
          "flake-parts"
        ],
        "nixpkgs": [
          "nixpkgs"
        ],
        "rhwp-nix": "rhwp-nix",
        "treefmt-nix": [
          "treefmt-nix"
        ]
      },
      "locked": {
        "lastModified": 1784843113,
        "narHash": "sha256-BvnJXcrtRwIg2dWxiy58xxSGLsjtMJJyTgS0SvRS/7I=",
        "owner": "mulatta",
        "repo": "rhwp-nextcloud",
        "rev": "d611f8dc290779b8f708793a7a4394b44b0e9260",
        "type": "github"
      },
      "original": {
        "owner": "mulatta",
        "repo": "rhwp-nextcloud",
        "type": "github"
      }
    },
    "rhwp-nix": {
      "inputs": {
        "flake-parts": "flake-parts_2",
        "nixpkgs": [
          "rhwp-nextcloud",
          "nixpkgs"
        ],
        "rhwp-src": "rhwp-src",
        "rust-overlay": "rust-overlay",
        "treefmt-nix": "treefmt-nix"
      },
      "locked": {
        "lastModified": 1782392514,
        "narHash": "sha256-8rvO5tNchGnesC+t7ODk5MIkuBh6KLjGFXI/2W/EDoM=",
        "owner": "mulatta",
        "repo": "rhwp-nix",
        "rev": "e9dd0fbc8278456ff6ca9c0b55eb66e9c2b9e2d7",
        "type": "github"
      },
      "original": {
        "owner": "mulatta",
        "repo": "rhwp-nix",
        "type": "github"
      }
    },
    "rhwp-src": {
      "flake": false,
      "locked": {
        "lastModified": 1782315019,
        "narHash": "sha256-phDhnuF5UwUsXuHPOgihzT3hfyBlpQItwrLcSC8fgDs=",
        "owner": "edwardkim",
        "repo": "rhwp",
        "rev": "10f5c51e65e0e8e9260cf1498972db14ea04c29e",
        "type": "github"
      },
      "original": {
        "owner": "edwardkim",
        "repo": "rhwp",
        "type": "github"
      }
    },
    "root": {
      "inputs": {
        "authentik-nix": "authentik-nix",
        "disko": "disko",
        "fast-nix-gc": "fast-nix-gc",
        "flake-parts": "flake-parts",
        "llm-agents": "llm-agents",
        "multievolve-nix": "multievolve-nix",
        "niks3": "niks3",
        "nix-index-database": "nix-index-database",
        "nixbot": "nixbot",
        "nixos-images": "nixos-images",
        "nixpkgs": "nixpkgs",
        "rhwp-nextcloud": "rhwp-nextcloud",
        "rustfs": "rustfs",
        "sops-nix": "sops-nix",
        "srvos": "srvos",
        "treefmt-nix": "treefmt-nix_2"
      }
    },
    "rust-overlay": {
      "inputs": {
        "nixpkgs": [
          "rhwp-nextcloud",
          "rhwp-nix",
          "nixpkgs"
        ]
      },
      "locked": {
        "lastModified": 1781493707,
        "narHash": "sha256-lzf7qdQWuiY0T9VEbfH2CmP1LZQAYooU/sZuSgEJEBk=",
        "owner": "oxalica",
        "repo": "rust-overlay",
        "rev": "06f25b8e40805beb2121a4dae4cc37d6f981800f",
        "type": "github"
      },
      "original": {
        "owner": "oxalica",
        "repo": "rust-overlay",
        "type": "github"
      }
    },
    "rust-overlay_2": {
      "inputs": {
        "nixpkgs": [
          "rustfs",
          "nixpkgs"
        ]
      },
      "locked": {
        "lastModified": 1785044261,
        "narHash": "sha256-ehF/c4fLdgmNu7YXEClnmwhoBYddhYIVoSQpsZoorC4=",
        "owner": "oxalica",
        "repo": "rust-overlay",
        "rev": "fe2124391e739e7b3e8720cd8a73f06edd0aceba",
        "type": "github"
      },
      "original": {
        "owner": "oxalica",
        "repo": "rust-overlay",
        "type": "github"
      }
    },
    "rustfs": {
      "inputs": {
        "nixpkgs": [
          "nixpkgs"
        ],
        "rust-overlay": "rust-overlay_2"
      },
      "locked": {
        "lastModified": 1785433795,
        "narHash": "sha256-0dprcKilPm4mX11ur+VFcL2gzoWgWOckmxL9P2x8+v0=",
        "owner": "rustfs",
        "repo": "rustfs",
        "rev": "40ef0db9ccb9be2a2d78a1841f1b762fcf2ffebd",
        "type": "github"
      },
      "original": {
        "owner": "rustfs",
        "repo": "rustfs",
        "type": "github"
      }
    },
    "sops-nix": {
      "inputs": {
        "nixpkgs": [
          "nixpkgs"
        ]
      },
      "locked": {
        "lastModified": 1783174389,
        "narHash": "sha256-aCWC8ngycU7OdJrU2+Je3qf+1a2ykuBvpPhZT/9tXMc=",
        "owner": "Mic92",
        "repo": "sops-nix",
        "rev": "f1406619a3884cd5c47992a70b8b35c9c0fcb4c9",
        "type": "github"
      },
      "original": {
        "owner": "Mic92",
        "repo": "sops-nix",
        "type": "github"
      }
    },
    "srvos": {
      "inputs": {
        "nixpkgs": [
          "nixpkgs"
        ]
      },
      "locked": {
        "lastModified": 1785378636,
        "narHash": "sha256-lAHFgqyeARFuHgvQG7MOFgwITbfdTUjwKlJ663a8dKo=",
        "owner": "nix-community",
        "repo": "srvos",
        "rev": "5a653c795aa9b34e12768e3010e97fc2988b5e46",
        "type": "github"
      },
      "original": {
        "owner": "nix-community",
        "repo": "srvos",
        "type": "github"
      }
    },
    "systems": {
      "locked": {
        "lastModified": 1689347949,
        "narHash": "sha256-12tWmuL2zgBgZkdoB6qXZsgJEH9LR3oUgpaQq2RbI80=",
        "owner": "nix-systems",
        "repo": "default-linux",
        "rev": "31732fcf5e8fea42e59c2488ad31a0e651500f68",
        "type": "github"
      },
      "original": {
        "owner": "nix-systems",
        "repo": "default-linux",
        "type": "github"
      }
    },
    "systems_2": {
      "locked": {
        "lastModified": 1681028828,
        "narHash": "sha256-Vy1rq5AaRuLzOxct8nz4T6wlgyUR7zLU309k9mBC768=",
        "owner": "nix-systems",
        "repo": "default",
        "rev": "da67096a3b9bf56a91d16901293e51ba5b49a27e",
        "type": "github"
      },
      "original": {
        "owner": "nix-systems",
        "repo": "default",
        "type": "github"
      }
    },
    "treefmt-nix": {
      "inputs": {
        "nixpkgs": [
          "rhwp-nextcloud",
          "rhwp-nix",
          "nixpkgs"
        ]
      },
      "locked": {
        "lastModified": 1780220602,
        "narHash": "sha256-eynAfOmbmxJnkp7YewvCEbShNnnYJ9gLLqkzsYtBPeM=",
        "owner": "numtide",
        "repo": "treefmt-nix",
        "rev": "db947814a175b7ca6ded66e21383d938df01c227",
        "type": "github"
      },
      "original": {
        "owner": "numtide",
        "repo": "treefmt-nix",
        "type": "github"
      }
    },
    "treefmt-nix_2": {
      "inputs": {
        "nixpkgs": [
          "nixpkgs"
        ]
      },
      "locked": {
        "lastModified": 1785360170,
        "narHash": "sha256-XE1lKgQ3eIO3E7zWryqcRsax+mYXod/5RHBn4YaR9YE=",
        "owner": "numtide",
        "repo": "treefmt-nix",
        "rev": "d1187f8bc71fb8aab02395869ec3f5c1920f75c0",
        "type": "github"
      },
      "original": {
        "owner": "numtide",
        "repo": "treefmt-nix",
        "type": "github"
      }
    },
    "uv2nix": {
      "inputs": {
        "nixpkgs": [
          "authentik-nix",
          "nixpkgs"
        ],
        "pyproject-nix": [
          "authentik-nix",
          "pyproject-nix"
        ]
      },
      "locked": {
        "lastModified": 1785147819,
        "narHash": "sha256-udwe836AZe8BYU+YqVc51QLuOeWKoGEmPIMF0ImUfTQ=",
        "owner": "pyproject-nix",
        "repo": "uv2nix",
        "rev": "0983f54345137c2dd528ce2c28cb56c2cbdceb2a",
        "type": "github"
      },
      "original": {
        "owner": "pyproject-nix",
        "repo": "uv2nix",
        "type": "github"
      }
    },
    "uv2nix-env": {
      "inputs": {
        "nixpkgs": [
          "multievolve-nix",
          "nixpkgs"
        ],
        "pyproject-build-systems": "pyproject-build-systems_2",
        "pyproject-nix": "pyproject-nix_2",
        "treefmt-nix": [
          "multievolve-nix",
          "treefmt-nix"
        ],
        "uv2nix": "uv2nix_2"
      },
      "locked": {
        "lastModified": 1782880978,
        "narHash": "sha256-MewckjJGV0DV2X070b6T93FctV0D0DkDAg7aFfGXa8I=",
        "owner": "mulatta",
        "repo": "uv2nix-env",
        "rev": "67a987d1ef13a7313dbbeea364ec71a443c3e8ce",
        "type": "github"
      },
      "original": {
        "owner": "mulatta",
        "repo": "uv2nix-env",
        "type": "github"
      }
    },
    "uv2nix_2": {
      "inputs": {
        "nixpkgs": [
          "multievolve-nix",
          "uv2nix-env",
          "nixpkgs"
        ],
        "pyproject-nix": [
          "multievolve-nix",
          "uv2nix-env",
          "pyproject-nix"
        ]
      },
      "locked": {
        "lastModified": 1782810559,
        "narHash": "sha256-loy132LKn8QfiPbFJhdTjm+yZG3zklyOQhVabLyx2l4=",
        "owner": "pyproject-nix",
        "repo": "uv2nix",
        "rev": "2f698e4b5a3c6004edaf051543542f18a36afe77",
        "type": "github"
      },
      "original": {
        "owner": "pyproject-nix",
        "repo": "uv2nix",
        "type": "github"
      }
    }
  },
  "root": "root",
  "version": 7
}
